
Microsoft Visual Studio Solution File, Format Version 12.00
# Visual Studio Version 17
VisualStudioVersion = 17.13.35919.96
MinimumVisualStudioVersion = 10.0.40219.1
Project("{FAE04EC0-301F-11D3-BF4B-00C04F79EFBC}") = "Oscillite", "Oscillite\Oscillite.csproj", "{DE4AE31E-7DC1-49E2-9673-157B958DF7BD}"
EndProject
Project("{2150E333-8FDC-42A3-9474-1A3956D46DE8}") = "Solution Items", "Solution Items", "{8EC462FD-D22E-90A8-E5CE-7E832BA40C5D}"
	ProjectSection(SolutionItems) = preProject
		README.md = README.md
	EndProjectSection
EndProject
Project("{FAE04EC0-301F-11D3-BF4B-00C04F79EFBC}") = "Oscillite.CleanRoom.VSM", "Oscillite.CleanRoom.VSM\Oscillite.CleanRoom.VSM.csproj", "{FB3F807B-D600-446F-A558-767D9FB84B50}"
EndProject
Project("{FAE04EC0-301F-11D3-BF4B-00C04F79EFBC}") = "Oscillite.CleanRoom.LSM", "Oscillite.CleanRoom.LSM\Oscillite.CleanRoom.LSM.csproj", "{4CEB71AB-709E-48F7-9F13-AD0FC40D3D9D}"
EndProject
Global
	GlobalSection(SolutionConfigurationPlatforms) = preSolution
		Debug|Any CPU = Debug|Any CPU
		Release|Any CPU = Release|Any CPU
	EndGlobalSection
	GlobalSection(ProjectConfigurationPlatforms) = postSolution
		{DE4AE31E-7DC1-49E2-9673-157B958DF7BD}.Debug|Any CPU.ActiveCfg = Debug|Any CPU
		{DE4AE31E-7DC1-49E2-9673-157B958DF7BD}.Debug|Any CPU.Build.0 = Debug|Any CPU
		{DE4AE31E-7DC1-49E2-9673-157B958DF7BD}.Release|Any CPU.ActiveCfg = Release|Any CPU
		{DE4AE31E-7DC1-49E2-9673-157B958DF7BD}.Release|Any CPU.Build.0 = Release|Any CPU
		{FB3F807B-D600-446F-A558-767D9FB84B50}.Debug|Any CPU.ActiveCfg = Debug|Any CPU
		{FB3F807B-D600-446F-A558-767D9FB84B50}.Debug|Any CPU.Build.0 = Debug|Any CPU
		{FB3F807B-D600-446F-A558-767D9FB84B50}.Release|Any CPU.ActiveCfg = Release|Any CPU
		{FB3F807B-D600-446F-A558-767D9FB84B50}.Release|Any CPU.Build.0 = Release|Any CPU
		{4CEB71AB-709E-48F7-9F13-AD0FC40D3D9D}.Debug|Any CPU.ActiveCfg = Debug|Any CPU
		{4CEB71AB-709E-48F7-9F13-AD0FC40D3D9D}.Debug|Any CPU.Build.0 = Debug|Any CPU
		{4CEB71AB-709E-48F7-9F13-AD0FC40D3D9D}.Release|Any CPU.ActiveCfg = Release|Any CPU
		{4CEB71AB-709E-48F7-9F13-AD0FC40D3D9D}.Release|Any CPU.Build.0 = Release|Any CPU
	EndGlobalSection
	GlobalSection(SolutionProperties) = preSolution
		HideSolutionNode = FALSE
	EndGlobalSection
	GlobalSection(ExtensibilityGlobals) = postSolution
		SolutionGuid = {AB8DA352-6922-438D-8160-5F9E63DDBF81}
	EndGlobalSection
EndGlobal
